
Microsoft Visual Studio Solution File, Format Version 12.00
# Visual Studio Version 17
VisualStudioVersion = 17.5.002.0
MinimumVisualStudioVersion = 10.0.40219.1
Project("{9A19103F-16F7-4668-BE54-9A1E7A4F7556}") = "LeetCode", "LeetCode.csproj", "{02F50DBA-860C-460C-A916-B123B29D4FD4}"
EndProject
Global
	GlobalSection(SolutionConfigurationPlatforms) = preSolution
		Debug|Any CPU = Debug|Any CPU
		Release|Any CPU = Release|Any CPU
	EndGlobalSection
	GlobalSection(ProjectConfigurationPlatforms) = postSolution
		{02F50DBA-860C-460C-A916-B123B29D4FD4}.Debug|Any CPU.ActiveCfg = Debug|Any CPU
		{02F50DBA-860C-460C-A916-B123B29D4FD4}.Debug|Any CPU.Build.0 = Debug|Any CPU
		{02F50DBA-860C-460C-A916-B123B29D4FD4}.Release|Any CPU.ActiveCfg = Release|Any CPU
		{02F50DBA-860C-460C-A916-B123B29D4FD4}.Release|Any CPU.Build.0 = Release|Any CPU
	EndGlobalSection
	GlobalSection(SolutionProperties) = preSolution
		HideSolutionNode = FALSE
	EndGlobalSection
	GlobalSection(ExtensibilityGlobals) = postSolution
		SolutionGuid = {5450068B-A4D8-48B6-8632-6568748B851A}
	EndGlobalSection
EndGlobal
